// !$*UTF8*$!
{
	archiveVersion = 1;
	classes = {
	};
	objectVersion = 50;
	objects = {

/* Begin PBXBuildFile section */
		05249EAD22168CEA005956E9 /* Tag.storyboard in Resources */ = {isa = PBXBuildFile; fileRef = 05249EAC22168CEA005956E9 /* Tag.storyboard */; };
		05249EB022168D21005956E9 /* TagVC.swift in Sources */ = {isa = PBXBuildFile; fileRef = 05249EAF22168D21005956E9 /* TagVC.swift */; };
		05249EB222168D2B005956E9 /* AddTagVC.swift in Sources */ = {isa = PBXBuildFile; fileRef = 05249EB122168D2B005956E9 /* AddTagVC.swift */; };
		05249EB422168D36005956E9 /* EditTagVC.swift in Sources */ = {isa = PBXBuildFile; fileRef = 05249EB322168D36005956E9 /* EditTagVC.swift */; };
		05249EB622168D9A005956E9 /* TagCell.swift in Sources */ = {isa = PBXBuildFile; fileRef = 05249EB522168D9A005956E9 /* TagCell.swift */; };
		05904B74221895B60015C791 /* CustomPersistentContainer.swift in Sources */ = {isa = PBXBuildFile; fileRef = 05904B73221895B60015C791 /* CustomPersistentContainer.swift */; };
		05DA04982213C3E3004545D6 /* AppDelegate.swift in Sources */ = {isa = PBXBuildFile; fileRef = 05DA04972213C3E3004545D6 /* AppDelegate.swift */; };
		05DA049A2213C3E3004545D6 /* NoteVC.swift in Sources */ = {isa = PBXBuildFile; fileRef = 05DA04992213C3E3004545D6 /* NoteVC.swift */; };
		05DA049D2213C3E3004545D6 /* Main.storyboard in Resources */ = {isa = PBXBuildFile; fileRef = 05DA049B2213C3E3004545D6 /* Main.storyboard */; };
		05DA04A02213C3E3004545D6 /* Notes.xcdatamodeld in Sources */ = {isa = PBXBuildFile; fileRef = 05DA049E2213C3E3004545D6 /* Notes.xcdatamodeld */; };
		05DA04A22213C3E5004545D6 /* Assets.xcassets in Resources */ = {isa = PBXBuildFile; fileRef = 05DA04A12213C3E5004545D6 /* Assets.xcassets */; };
		05DA04A52213C3E5004545D6 /* LaunchScreen.storyboard in Resources */ = {isa = PBXBuildFile; fileRef = 05DA04A32213C3E5004545D6 /* LaunchScreen.storyboard */; };
		05DA04B02213C3E5004545D6 /* NotesTests.swift in Sources */ = {isa = PBXBuildFile; fileRef = 05DA04AF2213C3E5004545D6 /* NotesTests.swift */; };
		05DA04BB2213C3E5004545D6 /* NotesUITests.swift in Sources */ = {isa = PBXBuildFile; fileRef = 05DA04BA2213C3E5004545D6 /* NotesUITests.swift */; };
		05DA04CF2213C534004545D6 /* CoreDataManager.swift in Sources */ = {isa = PBXBuildFile; fileRef = 05DA04CE2213C534004545D6 /* CoreDataManager.swift */; };
		05DA04D32213D25B004545D6 /* LogUtils.swift in Sources */ = {isa = PBXBuildFile; fileRef = 05DA04D22213D25B004545D6 /* LogUtils.swift */; };
		05DA04D62213FBD8004545D6 /* AddNoteVC.swift in Sources */ = {isa = PBXBuildFile; fileRef = 05DA04D52213FBD8004545D6 /* AddNoteVC.swift */; };
		05DA04D82213FD8F004545D6 /* Helper.swift in Sources */ = {isa = PBXBuildFile; fileRef = 05DA04D72213FD8F004545D6 /* Helper.swift */; };
		05DA04DA2214005A004545D6 /* Extensions.swift in Sources */ = {isa = PBXBuildFile; fileRef = 05DA04D92214005A004545D6 /* Extensions.swift */; };
		05DA04DD22140DBB004545D6 /* NoteCell.swift in Sources */ = {isa = PBXBuildFile; fileRef = 05DA04DC22140DBB004545D6 /* NoteCell.swift */; };
		05DA04E022141A70004545D6 /* Note+.swift in Sources */ = {isa = PBXBuildFile; fileRef = 05DA04DF22141A70004545D6 /* Note+.swift */; };
		05DA04E2221420E1004545D6 /* EditNoteVC.swift in Sources */ = {isa = PBXBuildFile; fileRef = 05DA04E1221420E1004545D6 /* EditNoteVC.swift */; };
		05DA04E422154791004545D6 /* Category.storyboard in Resources */ = {isa = PBXBuildFile; fileRef = 05DA04E322154791004545D6 /* Category.storyboard */; };
		05DA04E822154BA6004545D6 /* CategoryVC.swift in Sources */ = {isa = PBXBuildFile; fileRef = 05DA04E722154BA6004545D6 /* CategoryVC.swift */; };
		05DA04EA22154BB7004545D6 /* AddCategoryVC.swift in Sources */ = {isa = PBXBuildFile; fileRef = 05DA04E922154BB7004545D6 /* AddCategoryVC.swift */; };
		05DA04EC22154BCC004545D6 /* EditCategoryVC.swift in Sources */ = {isa = PBXBuildFile; fileRef = 05DA04EB22154BCC004545D6 /* EditCategoryVC.swift */; };
		05DA04EE2215584E004545D6 /* CategoryCell.swift in Sources */ = {isa = PBXBuildFile; fileRef = 05DA04ED2215584E004545D6 /* CategoryCell.swift */; };
		05E083922215C89C00391B16 /* Category+.swift in Sources */ = {isa = PBXBuildFile; fileRef = 05E083912215C89C00391B16 /* Category+.swift */; };
		05E98AD62215C23D002FBDE4 /* ColorPickerVC.swift in Sources */ = {isa = PBXBuildFile; fileRef = 05E98AD52215C23D002FBDE4 /* ColorPickerVC.swift */; };
/* End PBXBuildFile section */

/* Begin PBXContainerItemProxy section */
		05DA04AC2213C3E5004545D6 /* PBXContainerItemProxy */ = {
			isa = PBXContainerItemProxy;
			containerPortal = 05DA048C2213C3E3004545D6 /* Project object */;
			proxyType = 1;
			remoteGlobalIDString = 05DA04932213C3E3004545D6;
			remoteInfo = Notes;
		};
		05DA04B72213C3E5004545D6 /* PBXContainerItemProxy */ = {
			isa = PBXContainerItemProxy;
			containerPortal = 05DA048C2213C3E3004545D6 /* Project object */;
			proxyType = 1;
			remoteGlobalIDString = 05DA04932213C3E3004545D6;
			remoteInfo = Notes;
		};
/* End PBXContainerItemProxy section */

/* Begin PBXFileReference section */
		05249EAB221667F6005956E9 /* Notes 2.xcdatamodel */ = {isa = PBXFileReference; lastKnownFileType = wrapper.xcdatamodel; path = "Notes 2.xcdatamodel"; sourceTree = "<group>"; };
		05249EAC22168CEA005956E9 /* Tag.storyboard */ = {isa = PBXFileReference; lastKnownFileType = file.storyboard; path = Tag.storyboard; sourceTree = "<group>"; };
		05249EAF22168D21005956E9 /* TagVC.swift */ = {isa = PBXFileReference; lastKnownFileType = sourcecode.swift; path = TagVC.swift; sourceTree = "<group>"; };
		05249EB122168D2B005956E9 /* AddTagVC.swift */ = {isa = PBXFileReference; lastKnownFileType = sourcecode.swift; path = AddTagVC.swift; sourceTree = "<group>"; };
		05249EB322168D36005956E9 /* EditTagVC.swift */ = {isa = PBXFileReference; lastKnownFileType = sourcecode.swift; path = EditTagVC.swift; sourceTree = "<group>"; };
		05249EB522168D9A005956E9 /* TagCell.swift */ = {isa = PBXFileReference; lastKnownFileType = sourcecode.swift; path = TagCell.swift; sourceTree = "<group>"; };
		05904B73221895B60015C791 /* CustomPersistentContainer.swift */ = {isa = PBXFileReference; lastKnownFileType = sourcecode.swift; path = CustomPersistentContainer.swift; sourceTree = "<group>"; };
		05DA04942213C3E3004545D6 /* Notes.app */ = {isa = PBXFileReference; explicitFileType = wrapper.application; includeInIndex = 0; path = Notes.app; sourceTree = BUILT_PRODUCTS_DIR; };
		05DA04972213C3E3004545D6 /* AppDelegate.swift */ = {isa = PBXFileReference; lastKnownFileType = sourcecode.swift; path = AppDelegate.swift; sourceTree = "<group>"; };
		05DA04992213C3E3004545D6 /* NoteVC.swift */ = {isa = PBXFileReference; lastKnownFileType = sourcecode.swift; path = NoteVC.swift; sourceTree = "<group>"; };
		05DA049C2213C3E3004545D6 /* Base */ = {isa = PBXFileReference; lastKnownFileType = file.storyboard; name = Base; path = Base.lproj/Main.storyboard; sourceTree = "<group>"; };
		05DA049F2213C3E3004545D6 /* Notes.xcdatamodel */ = {isa = PBXFileReference; lastKnownFileType = wrapper.xcdatamodel; path = Notes.xcdatamodel; sourceTree = "<group>"; };
		05DA04A12213C3E5004545D6 /* Assets.xcassets */ = {isa = PBXFileReference; lastKnownFileType = folder.assetcatalog; path = Assets.xcassets; sourceTree = "<group>"; };
		05DA04A42213C3E5004545D6 /* Base */ = {isa = PBXFileReference; lastKnownFileType = file.storyboard; name = Base; path = Base.lproj/LaunchScreen.storyboard; sourceTree = "<group>"; };
		05DA04A62213C3E5004545D6 /* Info.plist */ = {isa = PBXFileReference; lastKnownFileType = text.plist.xml; path = Info.plist; sourceTree = "<group>"; };
		05DA04AB2213C3E5004545D6 /* NotesTests.xctest */ = {isa = PBXFileReference; explicitFileType = wrapper.cfbundle; includeInIndex = 0; path = NotesTests.xctest; sourceTree = BUILT_PRODUCTS_DIR; };
		05DA04AF2213C3E5004545D6 /* NotesTests.swift */ = {isa = PBXFileReference; lastKnownFileType = sourcecode.swift; path = NotesTests.swift; sourceTree = "<group>"; };
		05DA04B12213C3E5004545D6 /* Info.plist */ = {isa = PBXFileReference; lastKnownFileType = text.plist.xml; path = Info.plist; sourceTree = "<group>"; };
		05DA04B62213C3E5004545D6 /* NotesUITests.xctest */ = {isa = PBXFileReference; explicitFileType = wrapper.cfbundle; includeInIndex = 0; path = NotesUITests.xctest; sourceTree = BUILT_PRODUCTS_DIR; };
		05DA04BA2213C3E5004545D6 /* NotesUITests.swift */ = {isa = PBXFileReference; lastKnownFileType = sourcecode.swift; path = NotesUITests.swift; sourceTree = "<group>"; };
		05DA04BC2213C3E5004545D6 /* Info.plist */ = {isa = PBXFileReference; lastKnownFileType = text.plist.xml; path = Info.plist; sourceTree = "<group>"; };
		05DA04CE2213C534004545D6 /* CoreDataManager.swift */ = {isa = PBXFileReference; lastKnownFileType = sourcecode.swift; path = CoreDataManager.swift; sourceTree = "<group>"; };
		05DA04D22213D25B004545D6 /* LogUtils.swift */ = {isa = PBXFileReference; lastKnownFileType = sourcecode.swift; path = LogUtils.swift; sourceTree = "<group>"; };
		05DA04D52213FBD8004545D6 /* AddNoteVC.swift */ = {isa = PBXFileReference; lastKnownFileType = sourcecode.swift; path = AddNoteVC.swift; sourceTree = "<group>"; };
		05DA04D72213FD8F004545D6 /* Helper.swift */ = {isa = PBXFileReference; lastKnownFileType = sourcecode.swift; path = Helper.swift; sourceTree = "<group>"; };
		05DA04D92214005A004545D6 /* Extensions.swift */ = {isa = PBXFileReference; lastKnownFileType = sourcecode.swift; path = Extensions.swift; sourceTree = "<group>"; };
		05DA04DC22140DBB004545D6 /* NoteCell.swift */ = {isa = PBXFileReference; lastKnownFileType = sourcecode.swift; path = NoteCell.swift; sourceTree = "<group>"; };
		05DA04DF22141A70004545D6 /* Note+.swift */ = {isa = PBXFileReference; lastKnownFileType = sourcecode.swift; path = "Note+.swift"; sourceTree = "<group>"; };
		05DA04E1221420E1004545D6 /* EditNoteVC.swift */ = {isa = PBXFileReference; lastKnownFileType = sourcecode.swift; path = EditNoteVC.swift; sourceTree = "<group>"; };
		05DA04E322154791004545D6 /* Category.storyboard */ = {isa = PBXFileReference; lastKnownFileType = file.storyboard; path = Category.storyboard; sourceTree = "<group>"; };
		05DA04E722154BA6004545D6 /* CategoryVC.swift */ = {isa = PBXFileReference; lastKnownFileType = sourcecode.swift; path = CategoryVC.swift; sourceTree = "<group>"; };
		05DA04E922154BB7004545D6 /* AddCategoryVC.swift */ = {isa = PBXFileReference; lastKnownFileType = sourcecode.swift; path = AddCategoryVC.swift; sourceTree = "<group>"; };
		05DA04EB22154BCC004545D6 /* EditCategoryVC.swift */ = {isa = PBXFileReference; lastKnownFileType = sourcecode.swift; path = EditCategoryVC.swift; sourceTree = "<group>"; };
		05DA04ED2215584E004545D6 /* CategoryCell.swift */ = {isa = PBXFileReference; lastKnownFileType = sourcecode.swift; path = CategoryCell.swift; sourceTree = "<group>"; };
		05E083912215C89C00391B16 /* Category+.swift */ = {isa = PBXFileReference; lastKnownFileType = sourcecode.swift; path = "Category+.swift"; sourceTree = "<group>"; };
		05E98AD52215C23D002FBDE4 /* ColorPickerVC.swift */ = {isa = PBXFileReference; lastKnownFileType = sourcecode.swift; path = ColorPickerVC.swift; sourceTree = "<group>"; };
/* End PBXFileReference section */

/* Begin PBXFrameworksBuildPhase section */
		05DA04912213C3E3004545D6 /* Frameworks */ = {
			isa = PBXFrameworksBuildPhase;
			buildActionMask = 2147483647;
			files = (
			);
			runOnlyForDeploymentPostprocessing = 0;
		};
		05DA04A82213C3E5004545D6 /* Frameworks */ = {
			isa = PBXFrameworksBuildPhase;
			buildActionMask = 2147483647;
			files = (
			);
			runOnlyForDeploymentPostprocessing = 0;
		};
		05DA04B32213C3E5004545D6 /* Frameworks */ = {
			isa = PBXFrameworksBuildPhase;
			buildActionMask = 2147483647;
			files = (
			);
			runOnlyForDeploymentPostprocessing = 0;
		};
/* End PBXFrameworksBuildPhase section */

/* Begin PBXGroup section */
		05249EAE22168D13005956E9 /* Tag */ = {
			isa = PBXGroup;
			children = (
				05249EAF22168D21005956E9 /* TagVC.swift */,
				05249EB122168D2B005956E9 /* AddTagVC.swift */,
				05249EB322168D36005956E9 /* EditTagVC.swift */,
			);
			path = Tag;
			sourceTree = "<group>";
		};
		05DA048B2213C3E3004545D6 = {
			isa = PBXGroup;
			children = (
				05DA04962213C3E3004545D6 /* Notes */,
				05DA04AE2213C3E5004545D6 /* NotesTests */,
				05DA04B92213C3E5004545D6 /* NotesUITests */,
				05DA04952213C3E3004545D6 /* Products */,
			);
			sourceTree = "<group>";
		};
		05DA04952213C3E3004545D6 /* Products */ = {
			isa = PBXGroup;
			children = (
				05DA04942213C3E3004545D6 /* Notes.app */,
				05DA04AB2213C3E5004545D6 /* NotesTests.xctest */,
				05DA04B62213C3E5004545D6 /* NotesUITests.xctest */,
			);
			name = Products;
			sourceTree = "<group>";
		};
		05DA04962213C3E3004545D6 /* Notes */ = {
			isa = PBXGroup;
			children = (
				05DA04D12213D24B004545D6 /* Helper */,
				05DA04C92213C481004545D6 /* Application Delegate */,
				05DA04DB22140D90004545D6 /* Views */,
				05DA04CD2213C518004545D6 /* Managers */,
				05DA04CC2213C49F004545D6 /* Resources */,
				05DA04CB2213C490004545D6 /* Storyboards */,
				05DA04CA2213C48C004545D6 /* ViewControllers */,
				05DA04D02213D1EA004545D6 /* CoreData */,
				05DA04C82213C421004545D6 /* Supporting Files */,
			);
			path = Notes;
			sourceTree = "<group>";
		};
		05DA04AE2213C3E5004545D6 /* NotesTests */ = {
			isa = PBXGroup;
			children = (
				05DA04AF2213C3E5004545D6 /* NotesTests.swift */,
				05DA04B12213C3E5004545D6 /* Info.plist */,
			);
			path = NotesTests;
			sourceTree = "<group>";
		};
		05DA04B92213C3E5004545D6 /* NotesUITests */ = {
			isa = PBXGroup;
			children = (
				05DA04BA2213C3E5004545D6 /* NotesUITests.swift */,
				05DA04BC2213C3E5004545D6 /* Info.plist */,
			);
			path = NotesUITests;
			sourceTree = "<group>";
		};
		05DA04C82213C421004545D6 /* Supporting Files */ = {
			isa = PBXGroup;
			children = (
				05DA04A62213C3E5004545D6 /* Info.plist */,
			);
			path = "Supporting Files";
			sourceTree = "<group>";
		};
		05DA04C92213C481004545D6 /* Application Delegate */ = {
			isa = PBXGroup;
			children = (
				05DA04972213C3E3004545D6 /* AppDelegate.swift */,
			);
			path = "Application Delegate";
			sourceTree = "<group>";
		};
		05DA04CA2213C48C004545D6 /* ViewControllers */ = {
			isa = PBXGroup;
			children = (
				05249EAE22168D13005956E9 /* Tag */,
				05DA04E622154B9A004545D6 /* Category */,
				05DA04E522154B8F004545D6 /* Note */,
			);
			path = ViewControllers;
			sourceTree = "<group>";
		};
		05DA04CB2213C490004545D6 /* Storyboards */ = {
			isa = PBXGroup;
			children = (
				05DA049B2213C3E3004545D6 /* Main.storyboard */,
				05DA04E322154791004545D6 /* Category.storyboard */,
				05DA04A32213C3E5004545D6 /* LaunchScreen.storyboard */,
				05249EAC22168CEA005956E9 /* Tag.storyboard */,
			);
			path = Storyboards;
			sourceTree = "<group>";
		};
		05DA04CC2213C49F004545D6 /* Resources */ = {
			isa = PBXGroup;
			children = (
				05DA04A12213C3E5004545D6 /* Assets.xcassets */,
			);
			path = Resources;
			sourceTree = "<group>";
		};
		05DA04CD2213C518004545D6 /* Managers */ = {
			isa = PBXGroup;
			children = (
				05DA04CE2213C534004545D6 /* CoreDataManager.swift */,
				05904B73221895B60015C791 /* CustomPersistentContainer.swift */,
			);
			path = Managers;
			sourceTree = "<group>";
		};
		05DA04D02213D1EA004545D6 /* CoreData */ = {
			isa = PBXGroup;
			children = (
				05DA04DE22141A68004545D6 /* Extensions */,
				05DA049E2213C3E3004545D6 /* Notes.xcdatamodeld */,
			);
			path = CoreData;
			sourceTree = "<group>";
		};
		05DA04D12213D24B004545D6 /* Helper */ = {
			isa = PBXGroup;
			children = (
				05DA04D22213D25B004545D6 /* LogUtils.swift */,
				05DA04D72213FD8F004545D6 /* Helper.swift */,
				05DA04D92214005A004545D6 /* Extensions.swift */,
			);
			path = Helper;
			sourceTree = "<group>";
		};
		05DA04DB22140D90004545D6 /* Views */ = {
			isa = PBXGroup;
			children = (
				05DA04DC22140DBB004545D6 /* NoteCell.swift */,
				05DA04ED2215584E004545D6 /* CategoryCell.swift */,
				05249EB522168D9A005956E9 /* TagCell.swift */,
			);
			path = Views;
			sourceTree = "<group>";
		};
		05DA04DE22141A68004545D6 /* Extensions */ = {
			isa = PBXGroup;
			children = (
				05DA04DF22141A70004545D6 /* Note+.swift */,
				05E083912215C89C00391B16 /* Category+.swift */,
			);
			path = Extensions;
			sourceTree = "<group>";
		};
		05DA04E522154B8F004545D6 /* Note */ = {
			isa = PBXGroup;
			children = (
				05DA04992213C3E3004545D6 /* NoteVC.swift */,
				05DA04D52213FBD8004545D6 /* AddNoteVC.swift */,
				05DA04E1221420E1004545D6 /* EditNoteVC.swift */,
			);
			path = Note;
			sourceTree = "<group>";
		};
		05DA04E622154B9A004545D6 /* Category */ = {
			isa = PBXGroup;
			children = (
				05DA04E722154BA6004545D6 /* CategoryVC.swift */,
				05DA04E922154BB7004545D6 /* AddCategoryVC.swift */,
				05DA04EB22154BCC004545D6 /* EditCategoryVC.swift */,
				05E98AD52215C23D002FBDE4 /* ColorPickerVC.swift */,
			);
			path = Category;
			sourceTree = "<group>";
		};
/* End PBXGroup section */

/* Begin PBXNativeTarget section */
		05DA04932213C3E3004545D6 /* Notes */ = {
			isa = PBXNativeTarget;
			buildConfigurationList = 05DA04BF2213C3E5004545D6 /* Build configuration list for PBXNativeTarget "Notes" */;
			buildPhases = (
				05DA04902213C3E3004545D6 /* Sources */,
				05DA04912213C3E3004545D6 /* Frameworks */,
				05DA04922213C3E3004545D6 /* Resources */,
			);
			buildRules = (
			);
			dependencies = (
			);
			name = Notes;
			productName = Notes;
			productReference = 05DA04942213C3E3004545D6 /* Notes.app */;
			productType = "com.apple.product-type.application";
		};
		05DA04AA2213C3E5004545D6 /* NotesTests */ = {
			isa = PBXNativeTarget;
			buildConfigurationList = 05DA04C22213C3E5004545D6 /* Build configuration list for PBXNativeTarget "NotesTests" */;
			buildPhases = (
				05DA04A72213C3E5004545D6 /* Sources */,
				05DA04A82213C3E5004545D6 /* Frameworks */,
				05DA04A92213C3E5004545D6 /* Resources */,
			);
			buildRules = (
			);
			dependencies = (
				05DA04AD2213C3E5004545D6 /* PBXTargetDependency */,
			);
			name = NotesTests;
			productName = NotesTests;
			productReference = 05DA04AB2213C3E5004545D6 /* NotesTests.xctest */;
			productType = "com.apple.product-type.bundle.unit-test";
		};
		05DA04B52213C3E5004545D6 /* NotesUITests */ = {
			isa = PBXNativeTarget;
			buildConfigurationList = 05DA04C52213C3E5004545D6 /* Build configuration list for PBXNativeTarget "NotesUITests" */;
			buildPhases = (
				05DA04B22213C3E5004545D6 /* Sources */,
				05DA04B32213C3E5004545D6 /* Frameworks */,
				05DA04B42213C3E5004545D6 /* Resources */,
			);
			buildRules = (
			);
			dependencies = (
				05DA04B82213C3E5004545D6 /* PBXTargetDependency */,
			);
			name = NotesUITests;
			productName = NotesUITests;
			productReference = 05DA04B62213C3E5004545D6 /* NotesUITests.xctest */;
			productType = "com.apple.product-type.bundle.ui-testing";
		};
/* End PBXNativeTarget section */

/* Begin PBXProject section */
		05DA048C2213C3E3004545D6 /* Project object */ = {
			isa = PBXProject;
			attributes = {
				LastSwiftUpdateCheck = 1010;
				LastUpgradeCheck = 1010;
				ORGANIZATIONNAME = "Nguyen Lam";
				TargetAttributes = {
					05DA04932213C3E3004545D6 = {
						CreatedOnToolsVersion = 10.1;
					};
					05DA04AA2213C3E5004545D6 = {
						CreatedOnToolsVersion = 10.1;
						TestTargetID = 05DA04932213C3E3004545D6;
					};
					05DA04B52213C3E5004545D6 = {
						CreatedOnToolsVersion = 10.1;
						TestTargetID = 05DA04932213C3E3004545D6;
					};
				};
			};
			buildConfigurationList = 05DA048F2213C3E3004545D6 /* Build configuration list for PBXProject "Notes" */;
			compatibilityVersion = "Xcode 9.3";
			developmentRegion = en;
			hasScannedForEncodings = 0;
			knownRegions = (
				en,
				Base,
			);
			mainGroup = 05DA048B2213C3E3004545D6;
			productRefGroup = 05DA04952213C3E3004545D6 /* Products */;
			projectDirPath = "";
			projectRoot = "";
			targets = (
				05DA04932213C3E3004545D6 /* Notes */,
				05DA04AA2213C3E5004545D6 /* NotesTests */,
				05DA04B52213C3E5004545D6 /* NotesUITests */,
			);
		};
/* End PBXProject section */

/* Begin PBXResourcesBuildPhase section */
		05DA04922213C3E3004545D6 /* Resources */ = {
			isa = PBXResourcesBuildPhase;
			buildActionMask = 2147483647;
			files = (
				05DA04E422154791004545D6 /* Category.storyboard in Resources */,
				05DA04A52213C3E5004545D6 /* LaunchScreen.storyboard in Resources */,
				05DA04A22213C3E5004545D6 /* Assets.xcassets in Resources */,
				05249EAD22168CEA005956E9 /* Tag.storyboard in Resources */,
				05DA049D2213C3E3004545D6 /* Main.storyboard in Resources */,
			);
			runOnlyForDeploymentPostprocessing = 0;
		};
		05DA04A92213C3E5004545D6 /* Resources */ = {
			isa = PBXResourcesBuildPhase;
			buildActionMask = 2147483647;
			files = (
			);
			runOnlyForDeploymentPostprocessing = 0;
		};
		05DA04B42213C3E5004545D6 /* Resources */ = {
			isa = PBXResourcesBuildPhase;
			buildActionMask = 2147483647;
			files = (
			);
			runOnlyForDeploymentPostprocessing = 0;
		};
/* End PBXResourcesBuildPhase section */

/* Begin PBXSourcesBuildPhase section */
		05DA04902213C3E3004545D6 /* Sources */ = {
			isa = PBXSourcesBuildPhase;
			buildActionMask = 2147483647;
			files = (
				05DA04D62213FBD8004545D6 /* AddNoteVC.swift in Sources */,
				05DA04D32213D25B004545D6 /* LogUtils.swift in Sources */,
				05DA049A2213C3E3004545D6 /* NoteVC.swift in Sources */,
				05DA04DA2214005A004545D6 /* Extensions.swift in Sources */,
				05E98AD62215C23D002FBDE4 /* ColorPickerVC.swift in Sources */,
				05DA04E2221420E1004545D6 /* EditNoteVC.swift in Sources */,
				05DA04D82213FD8F004545D6 /* Helper.swift in Sources */,
				05DA04E822154BA6004545D6 /* CategoryVC.swift in Sources */,
				05DA04E022141A70004545D6 /* Note+.swift in Sources */,
				05DA04EC22154BCC004545D6 /* EditCategoryVC.swift in Sources */,
				05DA04A02213C3E3004545D6 /* Notes.xcdatamodeld in Sources */,
				05249EB222168D2B005956E9 /* AddTagVC.swift in Sources */,
				05249EB022168D21005956E9 /* TagVC.swift in Sources */,
				05249EB422168D36005956E9 /* EditTagVC.swift in Sources */,
				05249EB622168D9A005956E9 /* TagCell.swift in Sources */,
				05DA04DD22140DBB004545D6 /* NoteCell.swift in Sources */,
				05DA04CF2213C534004545D6 /* CoreDataManager.swift in Sources */,
				05904B74221895B60015C791 /* CustomPersistentContainer.swift in Sources */,
				05DA04982213C3E3004545D6 /* AppDelegate.swift in Sources */,
				05E083922215C89C00391B16 /* Category+.swift in Sources */,
				05DA04EA22154BB7004545D6 /* AddCategoryVC.swift in Sources */,
				05DA04EE2215584E004545D6 /* CategoryCell.swift in Sources */,
			);
			runOnlyForDeploymentPostprocessing = 0;
		};
		05DA04A72213C3E5004545D6 /* Sources */ = {
			isa = PBXSourcesBuildPhase;
			buildActionMask = 2147483647;
			files = (
				05DA04B02213C3E5004545D6 /* NotesTests.swift in Sources */,
			);
			runOnlyForDeploymentPostprocessing = 0;
		};
		05DA04B22213C3E5004545D6 /* Sources */ = {
			isa = PBXSourcesBuildPhase;
			buildActionMask = 2147483647;
			files = (
				05DA04BB2213C3E5004545D6 /* NotesUITests.swift in Sources */,
			);
			runOnlyForDeploymentPostprocessing = 0;
		};
/* End PBXSourcesBuildPhase section */

/* Begin PBXTargetDependency section */
		05DA04AD2213C3E5004545D6 /* PBXTargetDependency */ = {
			isa = PBXTargetDependency;
			target = 05DA04932213C3E3004545D6 /* Notes */;
			targetProxy = 05DA04AC2213C3E5004545D6 /* PBXContainerItemProxy */;
		};
		05DA04B82213C3E5004545D6 /* PBXTargetDependency */ = {
			isa = PBXTargetDependency;
			target = 05DA04932213C3E3004545D6 /* Notes */;
			targetProxy = 05DA04B72213C3E5004545D6 /* PBXContainerItemProxy */;
		};
/* End PBXTargetDependency section */

/* Begin PBXVariantGroup section */
		05DA049B2213C3E3004545D6 /* Main.storyboard */ = {
			isa = PBXVariantGroup;
			children = (
				05DA049C2213C3E3004545D6 /* Base */,
			);
			name = Main.storyboard;
			sourceTree = "<group>";
		};
		05DA04A32213C3E5004545D6 /* LaunchScreen.storyboard */ = {
			isa = PBXVariantGroup;
			children = (
				05DA04A42213C3E5004545D6 /* Base */,
			);
			name = LaunchScreen.storyboard;
			sourceTree = "<group>";
		};
/* End PBXVariantGroup section */

/* Begin XCBuildConfiguration section */
		05DA04BD2213C3E5004545D6 /* Debug */ = {
			isa = XCBuildConfiguration;
			buildSettings = {
				ALWAYS_SEARCH_USER_PATHS = NO;
				CLANG_ANALYZER_NONNULL = YES;
				CLANG_ANALYZER_NUMBER_OBJECT_CONVERSION = YES_AGGRESSIVE;
				CLANG_CXX_LANGUAGE_STANDARD = "gnu++14";
				CLANG_CXX_LIBRARY = "libc++";
				CLANG_ENABLE_MODULES = YES;
				CLANG_ENABLE_OBJC_ARC = YES;
				CLANG_ENABLE_OBJC_WEAK = YES;
				CLANG_WARN_BLOCK_CAPTURE_AUTORELEASING = YES;
				CLANG_WARN_BOOL_CONVERSION = YES;
				CLANG_WARN_COMMA = YES;
				CLANG_WARN_CONSTANT_CONVERSION = YES;
				CLANG_WARN_DEPRECATED_OBJC_IMPLEMENTATIONS = YES;
				CLANG_WARN_DIRECT_OBJC_ISA_USAGE = YES_ERROR;
				CLANG_WARN_DOCUMENTATION_COMMENTS = YES;
				CLANG_WARN_EMPTY_BODY = YES;
				CLANG_WARN_ENUM_CONVERSION = YES;
				CLANG_WARN_INFINITE_RECURSION = YES;
				CLANG_WARN_INT_CONVERSION = YES;
				CLANG_WARN_NON_LITERAL_NULL_CONVERSION = YES;
				CLANG_WARN_OBJC_IMPLICIT_RETAIN_SELF = YES;
				CLANG_WARN_OBJC_LITERAL_CONVERSION = YES;
				CLANG_WARN_OBJC_ROOT_CLASS = YES_ERROR;
				CLANG_WARN_RANGE_LOOP_ANALYSIS = YES;
				CLANG_WARN_STRICT_PROTOTYPES = YES;
				CLANG_WARN_SUSPICIOUS_MOVE = YES;
				CLANG_WARN_UNGUARDED_AVAILABILITY = YES_AGGRESSIVE;
				CLANG_WARN_UNREACHABLE_CODE = YES;
				CLANG_WARN__DUPLICATE_METHOD_MATCH = YES;
				CODE_SIGN_IDENTITY = "iPhone Developer";
				COPY_PHASE_STRIP = NO;
				DEBUG_INFORMATION_FORMAT = dwarf;
				ENABLE_STRICT_OBJC_MSGSEND = YES;
				ENABLE_TESTABILITY = YES;
				GCC_C_LANGUAGE_STANDARD = gnu11;
				GCC_DYNAMIC_NO_PIC = NO;
				GCC_NO_COMMON_BLOCKS = YES;
				GCC_OPTIMIZATION_LEVEL = 0;
				GCC_PREPROCESSOR_DEFINITIONS = (
					"DEBUG=1",
					"$(inherited)",
				);
				GCC_WARN_64_TO_32_BIT_CONVERSION = YES;
				GCC_WARN_ABOUT_RETURN_TYPE = YES_ERROR;
				GCC_WARN_UNDECLARED_SELECTOR = YES;
				GCC_WARN_UNINITIALIZED_AUTOS = YES_AGGRESSIVE;
				GCC_WARN_UNUSED_FUNCTION = YES;
				GCC_WARN_UNUSED_VARIABLE = YES;
				IPHONEOS_DEPLOYMENT_TARGET = 12.1;
				MTL_ENABLE_DEBUG_INFO = INCLUDE_SOURCE;
				MTL_FAST_MATH = YES;
				ONLY_ACTIVE_ARCH = YES;
				SDKROOT = iphoneos;
				SWIFT_ACTIVE_COMPILATION_CONDITIONS = DEBUG;
				SWIFT_OPTIMIZATION_LEVEL = "-Onone";
			};
			name = Debug;
		};
		05DA04BE2213C3E5004545D6 /* Release */ = {
			isa = XCBuildConfiguration;
			buildSettings = {
				ALWAYS_SEARCH_USER_PATHS = NO;
				CLANG_ANALYZER_NONNULL = YES;
				CLANG_ANALYZER_NUMBER_OBJECT_CONVERSION = YES_AGGRESSIVE;
				CLANG_CXX_LANGUAGE_STANDARD = "gnu++14";
				CLANG_CXX_LIBRARY = "libc++";
				CLANG_ENABLE_MODULES = YES;
				CLANG_ENABLE_OBJC_ARC = YES;
				CLANG_ENABLE_OBJC_WEAK = YES;
				CLANG_WARN_BLOCK_CAPTURE_AUTORELEASING = YES;
				CLANG_WARN_BOOL_CONVERSION = YES;
				CLANG_WARN_COMMA = YES;
				CLANG_WARN_CONSTANT_CONVERSION = YES;
				CLANG_WARN_DEPRECATED_OBJC_IMPLEMENTATIONS = YES;
				CLANG_WARN_DIRECT_OBJC_ISA_USAGE = YES_ERROR;
				CLANG_WARN_DOCUMENTATION_COMMENTS = YES;
				CLANG_WARN_EMPTY_BODY = YES;
				CLANG_WARN_ENUM_CONVERSION = YES;
				CLANG_WARN_INFINITE_RECURSION = YES;
				CLANG_WARN_INT_CONVERSION = YES;
				CLANG_WARN_NON_LITERAL_NULL_CONVERSION = YES;
				CLANG_WARN_OBJC_IMPLICIT_RETAIN_SELF = YES;
				CLANG_WARN_OBJC_LITERAL_CONVERSION = YES;
				CLANG_WARN_OBJC_ROOT_CLASS = YES_ERROR;
				CLANG_WARN_RANGE_LOOP_ANALYSIS = YES;
				CLANG_WARN_STRICT_PROTOTYPES = YES;
				CLANG_WARN_SUSPICIOUS_MOVE = YES;
				CLANG_WARN_UNGUARDED_AVAILABILITY = YES_AGGRESSIVE;
				CLANG_WARN_UNREACHABLE_CODE = YES;
				CLANG_WARN__DUPLICATE_METHOD_MATCH = YES;
				CODE_SIGN_IDENTITY = "iPhone Developer";
				COPY_PHASE_STRIP = NO;
				DEBUG_INFORMATION_FORMAT = "dwarf-with-dsym";
				ENABLE_NS_ASSERTIONS = NO;
				ENABLE_STRICT_OBJC_MSGSEND = YES;
				GCC_C_LANGUAGE_STANDARD = gnu11;
				GCC_NO_COMMON_BLOCKS = YES;
				GCC_WARN_64_TO_32_BIT_CONVERSION = YES;
				GCC_WARN_ABOUT_RETURN_TYPE = YES_ERROR;
				GCC_WARN_UNDECLARED_SELECTOR = YES;
				GCC_WARN_UNINITIALIZED_AUTOS = YES_AGGRESSIVE;
				GCC_WARN_UNUSED_FUNCTION = YES;
				GCC_WARN_UNUSED_VARIABLE = YES;
				IPHONEOS_DEPLOYMENT_TARGET = 12.1;
				MTL_ENABLE_DEBUG_INFO = NO;
				MTL_FAST_MATH = YES;
				SDKROOT = iphoneos;
				SWIFT_COMPILATION_MODE = wholemodule;
				SWIFT_OPTIMIZATION_LEVEL = "-O";
				VALIDATE_PRODUCT = YES;
			};
			name = Release;
		};
		05DA04C02213C3E5004545D6 /* Debug */ = {
			isa = XCBuildConfiguration;
			buildSettings = {
				ASSETCATALOG_COMPILER_APPICON_NAME = AppIcon;
				CODE_SIGN_STYLE = Automatic;
				DEVELOPMENT_TEAM = 262A8C7KHX;
				INFOPLIST_FILE = "$(SRCROOT)/Notes/Supporting Files/Info.plist";
				LD_RUNPATH_SEARCH_PATHS = (
					"$(inherited)",
					"@executable_path/Frameworks",
				);
				PRODUCT_BUNDLE_IDENTIFIER = com.fpt.Notes;
				PRODUCT_NAME = "$(TARGET_NAME)";
				SWIFT_VERSION = 4.2;
				TARGETED_DEVICE_FAMILY = 1;
			};
			name = Debug;
		};
		05DA04C12213C3E5004545D6 /* Release */ = {
			isa = XCBuildConfiguration;
			buildSettings = {
				ASSETCATALOG_COMPILER_APPICON_NAME = AppIcon;
				CODE_SIGN_STYLE = Automatic;
				DEVELOPMENT_TEAM = 262A8C7KHX;
				INFOPLIST_FILE = "$(SRCROOT)/Notes/Supporting Files/Info.plist";
				LD_RUNPATH_SEARCH_PATHS = (
					"$(inherited)",
					"@executable_path/Frameworks",
				);
				PRODUCT_BUNDLE_IDENTIFIER = com.fpt.Notes;
				PRODUCT_NAME = "$(TARGET_NAME)";
				SWIFT_VERSION = 4.2;
				TARGETED_DEVICE_FAMILY = 1;
			};
			name = Release;
		};
		05DA04C32213C3E5004545D6 /* Debug */ = {
			isa = XCBuildConfiguration;
			buildSettings = {
				ALWAYS_EMBED_SWIFT_STANDARD_LIBRARIES = YES;
				BUNDLE_LOADER = "$(TEST_HOST)";
				CODE_SIGN_STYLE = Automatic;
				DEVELOPMENT_TEAM = 262A8C7KHX;
				INFOPLIST_FILE = NotesTests/Info.plist;
				LD_RUNPATH_SEARCH_PATHS = (
					"$(inherited)",
					"@executable_path/Frameworks",
					"@loader_path/Frameworks",
				);
				PRODUCT_BUNDLE_IDENTIFIER = com.fpt.NotesTests;
				PRODUCT_NAME = "$(TARGET_NAME)";
				SWIFT_VERSION = 4.2;
				TARGETED_DEVICE_FAMILY = "1,2";
				TEST_HOST = "$(BUILT_PRODUCTS_DIR)/Notes.app/Notes";
			};
			name = Debug;
		};
		05DA04C42213C3E5004545D6 /* Release */ = {
			isa = XCBuildConfiguration;
			buildSettings = {
				ALWAYS_EMBED_SWIFT_STANDARD_LIBRARIES = YES;
				BUNDLE_LOADER = "$(TEST_HOST)";
				CODE_SIGN_STYLE = Automatic;
				DEVELOPMENT_TEAM = 262A8C7KHX;
				INFOPLIST_FILE = NotesTests/Info.plist;
				LD_RUNPATH_SEARCH_PATHS = (
					"$(inherited)",
					"@executable_path/Frameworks",
					"@loader_path/Frameworks",
				);
				PRODUCT_BUNDLE_IDENTIFIER = com.fpt.NotesTests;
				PRODUCT_NAME = "$(TARGET_NAME)";
				SWIFT_VERSION = 4.2;
				TARGETED_DEVICE_FAMILY = "1,2";
				TEST_HOST = "$(BUILT_PRODUCTS_DIR)/Notes.app/Notes";
			};
			name = Release;
		};
		05DA04C62213C3E5004545D6 /* Debug */ = {
			isa = XCBuildConfiguration;
			buildSettings = {
				ALWAYS_EMBED_SWIFT_STANDARD_LIBRARIES = YES;
				CODE_SIGN_STYLE = Automatic;
				DEVELOPMENT_TEAM = 262A8C7KHX;
				INFOPLIST_FILE = NotesUITests/Info.plist;
				LD_RUNPATH_SEARCH_PATHS = (
					"$(inherited)",
					"@executable_path/Frameworks",
					"@loader_path/Frameworks",
				);
				PRODUCT_BUNDLE_IDENTIFIER = com.fpt.NotesUITests;
				PRODUCT_NAME = "$(TARGET_NAME)";
				SWIFT_VERSION = 4.2;
				TARGETED_DEVICE_FAMILY = "1,2";
				TEST_TARGET_NAME = Notes;
			};
			name = Debug;
		};
		05DA04C72213C3E5004545D6 /* Release */ = {
			isa = XCBuildConfiguration;
			buildSettings = {
				ALWAYS_EMBED_SWIFT_STANDARD_LIBRARIES = YES;
				CODE_SIGN_STYLE = Automatic;
				DEVELOPMENT_TEAM = 262A8C7KHX;
				INFOPLIST_FILE = NotesUITests/Info.plist;
				LD_RUNPATH_SEARCH_PATHS = (
					"$(inherited)",
					"@executable_path/Frameworks",
					"@loader_path/Frameworks",
				);
				PRODUCT_BUNDLE_IDENTIFIER = com.fpt.NotesUITests;
				PRODUCT_NAME = "$(TARGET_NAME)";
				SWIFT_VERSION = 4.2;
				TARGETED_DEVICE_FAMILY = "1,2";
				TEST_TARGET_NAME = Notes;
			};
			name = Release;
		};
/* End XCBuildConfiguration section */

/* Begin XCConfigurationList section */
		05DA048F2213C3E3004545D6 /* Build configuration list for PBXProject "Notes" */ = {
			isa = XCConfigurationList;
			buildConfigurations = (
				05DA04BD2213C3E5004545D6 /* Debug */,
				05DA04BE2213C3E5004545D6 /* Release */,
			);
			defaultConfigurationIsVisible = 0;
			defaultConfigurationName = Release;
		};
		05DA04BF2213C3E5004545D6 /* Build configuration list for PBXNativeTarget "Notes" */ = {
			isa = XCConfigurationList;
			buildConfigurations = (
				05DA04C02213C3E5004545D6 /* Debug */,
				05DA04C12213C3E5004545D6 /* Release */,
			);
			defaultConfigurationIsVisible = 0;
			defaultConfigurationName = Release;
		};
		05DA04C22213C3E5004545D6 /* Build configuration list for PBXNativeTarget "NotesTests" */ = {
			isa = XCConfigurationList;
			buildConfigurations = (
				05DA04C32213C3E5004545D6 /* Debug */,
				05DA04C42213C3E5004545D6 /* Release */,
			);
			defaultConfigurationIsVisible = 0;
			defaultConfigurationName = Release;
		};
		05DA04C52213C3E5004545D6 /* Build configuration list for PBXNativeTarget "NotesUITests" */ = {
			isa = XCConfigurationList;
			buildConfigurations = (
				05DA04C62213C3E5004545D6 /* Debug */,
				05DA04C72213C3E5004545D6 /* Release */,
			);
			defaultConfigurationIsVisible = 0;
			defaultConfigurationName = Release;
		};
/* End XCConfigurationList section */

/* Begin XCVersionGroup section */
		05DA049E2213C3E3004545D6 /* Notes.xcdatamodeld */ = {
			isa = XCVersionGroup;
			children = (
				05249EAB221667F6005956E9 /* Notes 2.xcdatamodel */,
				05DA049F2213C3E3004545D6 /* Notes.xcdatamodel */,
			);
			currentVersion = 05249EAB221667F6005956E9 /* Notes 2.xcdatamodel */;
			path = Notes.xcdatamodeld;
			sourceTree = "<group>";
			versionGroupType = wrapper.xcdatamodel;
		};
/* End XCVersionGroup section */
	};
	rootObject = 05DA048C2213C3E3004545D6 /* Project object */;
}
